<?xml version="1.0" encoding="utf-8"?>
<Project ToolsVersion="4.0" xmlns="http://schemas.microsoft.com/developer/msbuild/2003">
  <ItemGroup>
    <Filter Include="Resources">
      <UniqueIdentifier>{67DA6AB6-F800-4c08-8B7A-83BB121AAD01}</UniqueIdentifier>
      <Extensions>rc;ico;cur;bmp;dlg;rc2;rct;bin;rgs;gif;jpg;jpeg;jpe;resx;tiff;tif;png;wav;mfcribbon-ms</Extensions>
    </Filter>
    <Filter Include="Sources">
      <UniqueIdentifier>{857cdfe4-a18a-4833-a7af-b6d73d8b48a6}</UniqueIdentifier>
      <Extensions>cpp;c;cc;cxx;def;odl;idl;hpj;bat;asm;asmx</Extensions>
    </Filter>
    <Filter Include="Headers">
      <UniqueIdentifier>{2d0b1c30-d1cd-4a5a-8aad-2996fa842b9b}</UniqueIdentifier>
      <Extensions>h;hpp;hxx;hm;inl;inc;xsd</Extensions>
    </Filter>
  </ItemGroup>
  <ItemGroup>
    <ClInclude Include="..\luadec\proto.h">
      <Filter>Headers</Filter>
    </ClInclude>
    <ClInclude Include="..\luadec\StringBuffer.h">
      <Filter>Headers</Filter>
    </ClInclude>
    <ClInclude Include="..\luadec\structs.h">
      <Filter>Headers</Filter>
    </ClInclude>
    <ClInclude Include="..\luadec\common.h">
      <Filter>Headers</Filter>
    </ClInclude>
    <ClInclude Include="..\luadec\srcversion.h">
      <Filter>Headers</Filter>
    </ClInclude>
    <ClInclude Include="..\luadec\decompile.h">
      <Filter>Headers</Filter>
    </ClInclude>
    <ClInclude Include="..\luadec\disassemble.h">
      <Filter>Headers</Filter>
    </ClInclude>
    <ClInclude Include="..\luadec\ast.h">
      <Filter>Headers</Filter>
    </ClInclude>
    <ClInclude Include="..\luadec\lua-compat.h">
      <Filter>Headers</Filter>
    </ClInclude>
  </ItemGroup>
  <ItemGroup>
    <ClCompile Include="..\luadec\ast.c">
      <Filter>Sources</Filter>
    </ClCompile>
    <ClCompile Include="..\luadec\guess.c">
      <Filter>Sources</Filter>
    </ClCompile>
    <ClCompile Include="..\luadec\luadec.c">
      <Filter>Sources</Filter>
    </ClCompile>
    <ClCompile Include="..\luadec\proto.c">
      <Filter>Sources</Filter>
    </ClCompile>
    <ClCompile Include="..\luadec\StringBuffer.c">
      <Filter>Sources</Filter>
    </ClCompile>
    <ClCompile Include="..\luadec\structs.c">
      <Filter>Sources</Filter>
    </ClCompile>
    <ClCompile Include="..\luadec\decompile.c">
      <Filter>Sources</Filter>
    </ClCompile>
    <ClCompile Include="..\luadec\disassemble.c">
      <Filter>Sources</Filter>
    </ClCompile>
  </ItemGroup>
</Project>