<?xml version="1.0" encoding="utf-8"?>
<Project ToolsVersion="4.0" xmlns="http://schemas.microsoft.com/developer/msbuild/2003">
  <ItemGroup>
    <Filter Include="Sources">
      <UniqueIdentifier>{4FC737F1-C7A5-4376-A066-2A32D752A2FF}</UniqueIdentifier>
      <Extensions>cpp;c;cc;cxx;def;odl;idl;hpj;bat;asm;asmx</Extensions>
    </Filter>
    <Filter Include="Headers">
      <UniqueIdentifier>{93995380-89BD-4b04-88EB-625FBE52EBFB}</UniqueIdentifier>
      <Extensions>h;hpp;hxx;hm;inl;inc;xsd</Extensions>
    </Filter>
    <Filter Include="Resources">
      <UniqueIdentifier>{67DA6AB6-F800-4c08-8B7A-83BB121AAD01}</UniqueIdentifier>
      <Extensions>rc;ico;cur;bmp;dlg;rc2;rct;bin;rgs;gif;jpg;jpeg;jpe;resx;tiff;tif;png;wav;mfcribbon-ms</Extensions>
    </Filter>
  </ItemGroup>
  <ItemGroup>
    <ClCompile Include="..\src\lapi.c">
      <Filter>Sources</Filter>
    </ClCompile>
    <ClCompile Include="..\src\lauxlib.c">
      <Filter>Sources</Filter>
    </ClCompile>
    <ClCompile Include="..\src\lbaselib.c">
      <Filter>Sources</Filter>
    </ClCompile>
    <ClCompile Include="..\src\lcode.c">
      <Filter>Sources</Filter>
    </ClCompile>
    <ClCompile Include="..\src\ldblib.c">
      <Filter>Sources</Filter>
    </ClCompile>
    <ClCompile Include="..\src\ldebug.c">
      <Filter>Sources</Filter>
    </ClCompile>
    <ClCompile Include="..\src\ldo.c">
      <Filter>Sources</Filter>
    </ClCompile>
    <ClCompile Include="..\src\ldump.c">
      <Filter>Sources</Filter>
    </ClCompile>
    <ClCompile Include="..\src\lfunc.c">
      <Filter>Sources</Filter>
    </ClCompile>
    <ClCompile Include="..\src\lgc.c">
      <Filter>Sources</Filter>
    </ClCompile>
    <ClCompile Include="..\src\linit.c">
      <Filter>Sources</Filter>
    </ClCompile>
    <ClCompile Include="..\src\liolib.c">
      <Filter>Sources</Filter>
    </ClCompile>
    <ClCompile Include="..\src\llex.c">
      <Filter>Sources</Filter>
    </ClCompile>
    <ClCompile Include="..\src\lmathlib.c">
      <Filter>Sources</Filter>
    </ClCompile>
    <ClCompile Include="..\src\lmem.c">
      <Filter>Sources</Filter>
    </ClCompile>
    <ClCompile Include="..\src\loadlib.c">
      <Filter>Sources</Filter>
    </ClCompile>
    <ClCompile Include="..\src\lobject.c">
      <Filter>Sources</Filter>
    </ClCompile>
    <ClCompile Include="..\src\lopcodes.c">
      <Filter>Sources</Filter>
    </ClCompile>
    <ClCompile Include="..\src\loslib.c">
      <Filter>Sources</Filter>
    </ClCompile>
    <ClCompile Include="..\src\lparser.c">
      <Filter>Sources</Filter>
    </ClCompile>
    <ClCompile Include="..\src\lstate.c">
      <Filter>Sources</Filter>
    </ClCompile>
    <ClCompile Include="..\src\lstring.c">
      <Filter>Sources</Filter>
    </ClCompile>
    <ClCompile Include="..\src\lstrlib.c">
      <Filter>Sources</Filter>
    </ClCompile>
    <ClCompile Include="..\src\ltable.c">
      <Filter>Sources</Filter>
    </ClCompile>
    <ClCompile Include="..\src\ltablib.c">
      <Filter>Sources</Filter>
    </ClCompile>
    <ClCompile Include="..\src\ltm.c">
      <Filter>Sources</Filter>
    </ClCompile>
    <ClCompile Include="..\src\lundump.c">
      <Filter>Sources</Filter>
    </ClCompile>
    <ClCompile Include="..\src\lvm.c">
      <Filter>Sources</Filter>
    </ClCompile>
    <ClCompile Include="..\src\lzio.c">
      <Filter>Sources</Filter>
    </ClCompile>
  </ItemGroup>
  <ItemGroup>
    <ClInclude Include="..\src\lapi.h">
      <Filter>Headers</Filter>
    </ClInclude>
    <ClInclude Include="..\src\lauxlib.h">
      <Filter>Headers</Filter>
    </ClInclude>
    <ClInclude Include="..\src\lcode.h">
      <Filter>Headers</Filter>
    </ClInclude>
    <ClInclude Include="..\src\ldebug.h">
      <Filter>Headers</Filter>
    </ClInclude>
    <ClInclude Include="..\src\ldo.h">
      <Filter>Headers</Filter>
    </ClInclude>
    <ClInclude Include="..\src\lfunc.h">
      <Filter>Headers</Filter>
    </ClInclude>
    <ClInclude Include="..\src\lgc.h">
      <Filter>Headers</Filter>
    </ClInclude>
    <ClInclude Include="..\src\llex.h">
      <Filter>Headers</Filter>
    </ClInclude>
    <ClInclude Include="..\src\llimits.h">
      <Filter>Headers</Filter>
    </ClInclude>
    <ClInclude Include="..\src\lmem.h">
      <Filter>Headers</Filter>
    </ClInclude>
    <ClInclude Include="..\src\lobject.h">
      <Filter>Headers</Filter>
    </ClInclude>
    <ClInclude Include="..\src\lopcodes.h">
      <Filter>Headers</Filter>
    </ClInclude>
    <ClInclude Include="..\src\lparser.h">
      <Filter>Headers</Filter>
    </ClInclude>
    <ClInclude Include="..\src\lstate.h">
      <Filter>Headers</Filter>
    </ClInclude>
    <ClInclude Include="..\src\lstring.h">
      <Filter>Headers</Filter>
    </ClInclude>
    <ClInclude Include="..\src\ltable.h">
      <Filter>Headers</Filter>
    </ClInclude>
    <ClInclude Include="..\src\ltm.h">
      <Filter>Headers</Filter>
    </ClInclude>
    <ClInclude Include="..\src\lua.h">
      <Filter>Headers</Filter>
    </ClInclude>
    <ClInclude Include="..\src\luaconf.h">
      <Filter>Headers</Filter>
    </ClInclude>
    <ClInclude Include="..\src\lualib.h">
      <Filter>Headers</Filter>
    </ClInclude>
    <ClInclude Include="..\src\lundump.h">
      <Filter>Headers</Filter>
    </ClInclude>
    <ClInclude Include="..\src\lvm.h">
      <Filter>Headers</Filter>
    </ClInclude>
    <ClInclude Include="..\src\lzio.h">
      <Filter>Headers</Filter>
    </ClInclude>
  </ItemGroup>
</Project>