<?xml version="1.0" encoding="utf-8"?>
<Project ToolsVersion="4.0" xmlns="http://schemas.microsoft.com/developer/msbuild/2003">
  <ItemGroup>
    <Filter Include="Resources">
      <UniqueIdentifier>{CC441EC9-BFA2-42CA-A427-DA3777480501}</UniqueIdentifier>
      <Extensions>rc;ico;cur;bmp;dlg;rc2;rct;bin;rgs;gif;jpg;jpeg;jpe;resx;tiff;tif;png;wav;mfcribbon-ms</Extensions>
    </Filter>
    <Filter Include="Sources">
      <UniqueIdentifier>{A69A3EA4-9DFA-448B-9BF0-CF585E0D77E1}</UniqueIdentifier>
      <Extensions>cpp;c;cc;cxx;def;odl;idl;hpj;bat;asm;asmx</Extensions>
    </Filter>
    <Filter Include="Headers">
      <UniqueIdentifier>{9FD27AFD-035B-40AA-8473-3C100B863A08}</UniqueIdentifier>
      <Extensions>h;hpp;hxx;hm;inl;inc;xsd</Extensions>
    </Filter>
  </ItemGroup>
  <ItemGroup>
    <ClInclude Include="..\luadec\common.h">
      <Filter>Headers</Filter>
    </ClInclude>
    <ClInclude Include="..\luadec\lua-compat.h">
      <Filter>Headers</Filter>
    </ClInclude>
    <ClInclude Include="..\luadec\srcversion.h">
      <Filter>Headers</Filter>
    </ClInclude>
  </ItemGroup>
  <ItemGroup>
    <ClCompile Include="..\luadec\luareplace.c">
      <Filter>Sources</Filter>
    </ClCompile>
  </ItemGroup>
</Project>